# This file is automatically @generated by Cargo.
# It is not intended for manual editing.
version = 3

[[package]]
name = "java_data_io_rs"
version = "0.5.3"
source = "git+https://bitbucket.org/neetsdkasu/java_data_io_rs?tag=v0.5.3#f7de7d307c37ea8006e76b834095a5c07fe5e009"

[[package]]
name = "mml-cli"
version = "0.1.0"
dependencies = [
 "mml-core",
]

[[package]]
name = "mml-core"
version = "0.1.0"
dependencies = [
 "java_data_io_rs",
]
